// !$*UTF8*$!
{
	archiveVersion = 1;
	classes = {
	};
	objectVersion = 46;
	objects = {

/* Begin PBXBuildFile section */
		B9D9AEDE19ED8F4600D45E92 /* AppDelegate.swift in Sources */ = {isa = PBXBuildFile; fileRef = B9D9AEDD19ED8F4600D45E92 /* AppDelegate.swift */; };
		B9D9AEE019ED8F4600D45E92 /* ViewController.swift in Sources */ = {isa = PBXBuildFile; fileRef = B9D9AEDF19ED8F4600D45E92 /* ViewController.swift */; };
		B9D9AEE319ED8F4600D45E92 /* Main.storyboard in Resources */ = {isa = PBXBuildFile; fileRef = B9D9AEE119ED8F4600D45E92 /* Main.storyboard */; };
		B9D9AEE519ED8F4600D45E92 /* Images.xcassets in Resources */ = {isa = PBXBuildFile; fileRef = B9D9AEE419ED8F4600D45E92 /* Images.xcassets */; };
		B9D9AEE819ED8F4600D45E92 /* LaunchScreen.xib in Resources */ = {isa = PBXBuildFile; fileRef = B9D9AEE619ED8F4600D45E92 /* LaunchScreen.xib */; };
		B9D9AEF419ED8F4600D45E92 /* PostcardTests.swift in Sources */ = {isa = PBXBuildFile; fileRef = B9D9AEF319ED8F4600D45E92 /* PostcardTests.swift */; };
		B9D9AF0019ED977700D45E92 /* SagradaFamilia.jpeg in Resources */ = {isa = PBXBuildFile; fileRef = B9D9AEFF19ED977700D45E92 /* SagradaFamilia.jpeg */; };
		B9D9AF0219EDA72D00D45E92 /* AlbertEinsteinStamp.jpg in Resources */ = {isa = PBXBuildFile; fileRef = B9D9AF0119EDA72D00D45E92 /* AlbertEinsteinStamp.jpg */; };
/* End PBXBuildFile section */

/* Begin PBXContainerItemProxy section */
		B9D9AEEE19ED8F4600D45E92 /* PBXContainerItemProxy */ = {
			isa = PBXContainerItemProxy;
			containerPortal = B9D9AED019ED8F4600D45E92 /* Project object */;
			proxyType = 1;
			remoteGlobalIDString = B9D9AED719ED8F4600D45E92;
			remoteInfo = Postcard;
		};
/* End PBXContainerItemProxy section */

/* Begin PBXFileReference section */
		B9D9AED819ED8F4600D45E92 /* Postcard.app */ = {isa = PBXFileReference; explicitFileType = wrapper.application; includeInIndex = 0; path = Postcard.app; sourceTree = BUILT_PRODUCTS_DIR; };
		B9D9AEDC19ED8F4600D45E92 /* Info.plist */ = {isa = PBXFileReference; lastKnownFileType = text.plist.xml; path = Info.plist; sourceTree = "<group>"; };
		B9D9AEDD19ED8F4600D45E92 /* AppDelegate.swift */ = {isa = PBXFileReference; lastKnownFileType = sourcecode.swift; path = AppDelegate.swift; sourceTree = "<group>"; };
		B9D9AEDF19ED8F4600D45E92 /* ViewController.swift */ = {isa = PBXFileReference; lastKnownFileType = sourcecode.swift; path = ViewController.swift; sourceTree = "<group>"; };
		B9D9AEE219ED8F4600D45E92 /* Base */ = {isa = PBXFileReference; lastKnownFileType = file.storyboard; name = Base; path = Base.lproj/Main.storyboard; sourceTree = "<group>"; };
		B9D9AEE419ED8F4600D45E92 /* Images.xcassets */ = {isa = PBXFileReference; lastKnownFileType = folder.assetcatalog; path = Images.xcassets; sourceTree = "<group>"; };
		B9D9AEE719ED8F4600D45E92 /* Base */ = {isa = PBXFileReference; lastKnownFileType = file.xib; name = Base; path = Base.lproj/LaunchScreen.xib; sourceTree = "<group>"; };
		B9D9AEED19ED8F4600D45E92 /* PostcardTests.xctest */ = {isa = PBXFileReference; explicitFileType = wrapper.cfbundle; includeInIndex = 0; path = PostcardTests.xctest; sourceTree = BUILT_PRODUCTS_DIR; };
		B9D9AEF219ED8F4600D45E92 /* Info.plist */ = {isa = PBXFileReference; lastKnownFileType = text.plist.xml; path = Info.plist; sourceTree = "<group>"; };
		B9D9AEF319ED8F4600D45E92 /* PostcardTests.swift */ = {isa = PBXFileReference; lastKnownFileType = sourcecode.swift; path = PostcardTests.swift; sourceTree = "<group>"; };
		B9D9AEFF19ED977700D45E92 /* SagradaFamilia.jpeg */ = {isa = PBXFileReference; lastKnownFileType = image.jpeg; path = SagradaFamilia.jpeg; sourceTree = "<group>"; };
		B9D9AF0119EDA72D00D45E92 /* AlbertEinsteinStamp.jpg */ = {isa = PBXFileReference; lastKnownFileType = image.jpeg; path = AlbertEinsteinStamp.jpg; sourceTree = "<group>"; };
/* End PBXFileReference section */

/* Begin PBXFrameworksBuildPhase section */
		B9D9AED519ED8F4600D45E92 /* Frameworks */ = {
			isa = PBXFrameworksBuildPhase;
			buildActionMask = 2147483647;
			files = (
			);
			runOnlyForDeploymentPostprocessing = 0;
		};
		B9D9AEEA19ED8F4600D45E92 /* Frameworks */ = {
			isa = PBXFrameworksBuildPhase;
			buildActionMask = 2147483647;
			files = (
			);
			runOnlyForDeploymentPostprocessing = 0;
		};
/* End PBXFrameworksBuildPhase section */

/* Begin PBXGroup section */
		B9D9AECF19ED8F4600D45E92 = {
			isa = PBXGroup;
			children = (
				B9D9AEDA19ED8F4600D45E92 /* Postcard */,
				B9D9AEF019ED8F4600D45E92 /* PostcardTests */,
				B9D9AED919ED8F4600D45E92 /* Products */,
			);
			sourceTree = "<group>";
		};
		B9D9AED919ED8F4600D45E92 /* Products */ = {
			isa = PBXGroup;
			children = (
				B9D9AED819ED8F4600D45E92 /* Postcard.app */,
				B9D9AEED19ED8F4600D45E92 /* PostcardTests.xctest */,
			);
			name = Products;
			sourceTree = "<group>";
		};
		B9D9AEDA19ED8F4600D45E92 /* Postcard */ = {
			isa = PBXGroup;
			children = (
				B9D9AEDD19ED8F4600D45E92 /* AppDelegate.swift */,
				B9D9AEDF19ED8F4600D45E92 /* ViewController.swift */,
				B9D9AEE119ED8F4600D45E92 /* Main.storyboard */,
				B9D9AEE419ED8F4600D45E92 /* Images.xcassets */,
				B9D9AEE619ED8F4600D45E92 /* LaunchScreen.xib */,
				B9D9AEDB19ED8F4600D45E92 /* Supporting Files */,
			);
			path = Postcard;
			sourceTree = "<group>";
		};
		B9D9AEDB19ED8F4600D45E92 /* Supporting Files */ = {
			isa = PBXGroup;
			children = (
				B9D9AF0119EDA72D00D45E92 /* AlbertEinsteinStamp.jpg */,
				B9D9AEFF19ED977700D45E92 /* SagradaFamilia.jpeg */,
				B9D9AEDC19ED8F4600D45E92 /* Info.plist */,
			);
			name = "Supporting Files";
			sourceTree = "<group>";
		};
		B9D9AEF019ED8F4600D45E92 /* PostcardTests */ = {
			isa = PBXGroup;
			children = (
				B9D9AEF319ED8F4600D45E92 /* PostcardTests.swift */,
				B9D9AEF119ED8F4600D45E92 /* Supporting Files */,
			);
			path = PostcardTests;
			sourceTree = "<group>";
		};
		B9D9AEF119ED8F4600D45E92 /* Supporting Files */ = {
			isa = PBXGroup;
			children = (
				B9D9AEF219ED8F4600D45E92 /* Info.plist */,
			);
			name = "Supporting Files";
			sourceTree = "<group>";
		};
/* End PBXGroup section */

/* Begin PBXNativeTarget section */
		B9D9AED719ED8F4600D45E92 /* Postcard */ = {
			isa = PBXNativeTarget;
			buildConfigurationList = B9D9AEF719ED8F4600D45E92 /* Build configuration list for PBXNativeTarget "Postcard" */;
			buildPhases = (
				B9D9AED419ED8F4600D45E92 /* Sources */,
				B9D9AED519ED8F4600D45E92 /* Frameworks */,
				B9D9AED619ED8F4600D45E92 /* Resources */,
			);
			buildRules = (
			);
			dependencies = (
			);
			name = Postcard;
			productName = Postcard;
			productReference = B9D9AED819ED8F4600D45E92 /* Postcard.app */;
			productType = "com.apple.product-type.application";
		};
		B9D9AEEC19ED8F4600D45E92 /* PostcardTests */ = {
			isa = PBXNativeTarget;
			buildConfigurationList = B9D9AEFA19ED8F4600D45E92 /* Build configuration list for PBXNativeTarget "PostcardTests" */;
			buildPhases = (
				B9D9AEE919ED8F4600D45E92 /* Sources */,
				B9D9AEEA19ED8F4600D45E92 /* Frameworks */,
				B9D9AEEB19ED8F4600D45E92 /* Resources */,
			);
			buildRules = (
			);
			dependencies = (
				B9D9AEEF19ED8F4600D45E92 /* PBXTargetDependency */,
			);
			name = PostcardTests;
			productName = PostcardTests;
			productReference = B9D9AEED19ED8F4600D45E92 /* PostcardTests.xctest */;
			productType = "com.apple.product-type.bundle.unit-test";
		};
/* End PBXNativeTarget section */

/* Begin PBXProject section */
		B9D9AED019ED8F4600D45E92 /* Project object */ = {
			isa = PBXProject;
			attributes = {
				LastUpgradeCheck = 0600;
				ORGANIZATIONNAME = LatinMoments;
				TargetAttributes = {
					B9D9AED719ED8F4600D45E92 = {
						CreatedOnToolsVersion = 6.0.1;
					};
					B9D9AEEC19ED8F4600D45E92 = {
						CreatedOnToolsVersion = 6.0.1;
						TestTargetID = B9D9AED719ED8F4600D45E92;
					};
				};
			};
			buildConfigurationList = B9D9AED319ED8F4600D45E92 /* Build configuration list for PBXProject "Postcard" */;
			compatibilityVersion = "Xcode 3.2";
			developmentRegion = English;
			hasScannedForEncodings = 0;
			knownRegions = (
				en,
				Base,
			);
			mainGroup = B9D9AECF19ED8F4600D45E92;
			productRefGroup = B9D9AED919ED8F4600D45E92 /* Products */;
			projectDirPath = "";
			projectRoot = "";
			targets = (
				B9D9AED719ED8F4600D45E92 /* Postcard */,
				B9D9AEEC19ED8F4600D45E92 /* PostcardTests */,
			);
		};
/* End PBXProject section */

/* Begin PBXResourcesBuildPhase section */
		B9D9AED619ED8F4600D45E92 /* Resources */ = {
			isa = PBXResourcesBuildPhase;
			buildActionMask = 2147483647;
			files = (
				B9D9AEE319ED8F4600D45E92 /* Main.storyboard in Resources */,
				B9D9AF0019ED977700D45E92 /* SagradaFamilia.jpeg in Resources */,
				B9D9AF0219EDA72D00D45E92 /* AlbertEinsteinStamp.jpg in Resources */,
				B9D9AEE819ED8F4600D45E92 /* LaunchScreen.xib in Resources */,
				B9D9AEE519ED8F4600D45E92 /* Images.xcassets in Resources */,
			);
			runOnlyForDeploymentPostprocessing = 0;
		};
		B9D9AEEB19ED8F4600D45E92 /* Resources */ = {
			isa = PBXResourcesBuildPhase;
			buildActionMask = 2147483647;
			files = (
			);
			runOnlyForDeploymentPostprocessing = 0;
		};
/* End PBXResourcesBuildPhase section */

/* Begin PBXSourcesBuildPhase section */
		B9D9AED419ED8F4600D45E92 /* Sources */ = {
			isa = PBXSourcesBuildPhase;
			buildActionMask = 2147483647;
			files = (
				B9D9AEE019ED8F4600D45E92 /* ViewController.swift in Sources */,
				B9D9AEDE19ED8F4600D45E92 /* AppDelegate.swift in Sources */,
			);
			runOnlyForDeploymentPostprocessing = 0;
		};
		B9D9AEE919ED8F4600D45E92 /* Sources */ = {
			isa = PBXSourcesBuildPhase;
			buildActionMask = 2147483647;
			files = (
				B9D9AEF419ED8F4600D45E92 /* PostcardTests.swift in Sources */,
			);
			runOnlyForDeploymentPostprocessing = 0;
		};
/* End PBXSourcesBuildPhase section */

/* Begin PBXTargetDependency section */
		B9D9AEEF19ED8F4600D45E92 /* PBXTargetDependency */ = {
			isa = PBXTargetDependency;
			target = B9D9AED719ED8F4600D45E92 /* Postcard */;
			targetProxy = B9D9AEEE19ED8F4600D45E92 /* PBXContainerItemProxy */;
		};
/* End PBXTargetDependency section */

/* Begin PBXVariantGroup section */
		B9D9AEE119ED8F4600D45E92 /* Main.storyboard */ = {
			isa = PBXVariantGroup;
			children = (
				B9D9AEE219ED8F4600D45E92 /* Base */,
			);
			name = Main.storyboard;
			sourceTree = "<group>";
		};
		B9D9AEE619ED8F4600D45E92 /* LaunchScreen.xib */ = {
			isa = PBXVariantGroup;
			children = (
				B9D9AEE719ED8F4600D45E92 /* Base */,
			);
			name = LaunchScreen.xib;
			sourceTree = "<group>";
		};
/* End PBXVariantGroup section */

/* Begin XCBuildConfiguration section */
		B9D9AEF519ED8F4600D45E92 /* Debug */ = {
			isa = XCBuildConfiguration;
			buildSettings = {
				ALWAYS_SEARCH_USER_PATHS = NO;
				CLANG_CXX_LANGUAGE_STANDARD = "gnu++0x";
				CLANG_CXX_LIBRARY = "libc++";
				CLANG_ENABLE_MODULES = YES;
				CLANG_ENABLE_OBJC_ARC = YES;
				CLANG_WARN_BOOL_CONVERSION = YES;
				CLANG_WARN_CONSTANT_CONVERSION = YES;
				CLANG_WARN_DIRECT_OBJC_ISA_USAGE = YES_ERROR;
				CLANG_WARN_EMPTY_BODY = YES;
				CLANG_WARN_ENUM_CONVERSION = YES;
				CLANG_WARN_INT_CONVERSION = YES;
				CLANG_WARN_OBJC_ROOT_CLASS = YES_ERROR;
				CLANG_WARN_UNREACHABLE_CODE = YES;
				CLANG_WARN__DUPLICATE_METHOD_MATCH = YES;
				"CODE_SIGN_IDENTITY[sdk=iphoneos*]" = "iPhone Developer";
				COPY_PHASE_STRIP = NO;
				ENABLE_STRICT_OBJC_MSGSEND = YES;
				GCC_C_LANGUAGE_STANDARD = gnu99;
				GCC_DYNAMIC_NO_PIC = NO;
				GCC_OPTIMIZATION_LEVEL = 0;
				GCC_PREPROCESSOR_DEFINITIONS = (
					"DEBUG=1",
					"$(inherited)",
				);
				GCC_SYMBOLS_PRIVATE_EXTERN = NO;
				GCC_WARN_64_TO_32_BIT_CONVERSION = YES;
				GCC_WARN_ABOUT_RETURN_TYPE = YES_ERROR;
				GCC_WARN_UNDECLARED_SELECTOR = YES;
				GCC_WARN_UNINITIALIZED_AUTOS = YES_AGGRESSIVE;
				GCC_WARN_UNUSED_FUNCTION = YES;
				GCC_WARN_UNUSED_VARIABLE = YES;
				IPHONEOS_DEPLOYMENT_TARGET = 8.0;
				MTL_ENABLE_DEBUG_INFO = YES;
				ONLY_ACTIVE_ARCH = YES;
				SDKROOT = iphoneos;
				SWIFT_OPTIMIZATION_LEVEL = "-Onone";
				TARGETED_DEVICE_FAMILY = "1,2";
			};
			name = Debug;
		};
		B9D9AEF619ED8F4600D45E92 /* Release */ = {
			isa = XCBuildConfiguration;
			buildSettings = {
				ALWAYS_SEARCH_USER_PATHS = NO;
				CLANG_CXX_LANGUAGE_STANDARD = "gnu++0x";
				CLANG_CXX_LIBRARY = "libc++";
				CLANG_ENABLE_MODULES = YES;
				CLANG_ENABLE_OBJC_ARC = YES;
				CLANG_WARN_BOOL_CONVERSION = YES;
				CLANG_WARN_CONSTANT_CONVERSION = YES;
				CLANG_WARN_DIRECT_OBJC_ISA_USAGE = YES_ERROR;
				CLANG_WARN_EMPTY_BODY = YES;
				CLANG_WARN_ENUM_CONVERSION = YES;
				CLANG_WARN_INT_CONVERSION = YES;
				CLANG_WARN_OBJC_ROOT_CLASS = YES_ERROR;
				CLANG_WARN_UNREACHABLE_CODE = YES;
				CLANG_WARN__DUPLICATE_METHOD_MATCH = YES;
				"CODE_SIGN_IDENTITY[sdk=iphoneos*]" = "iPhone Developer";
				COPY_PHASE_STRIP = YES;
				ENABLE_NS_ASSERTIONS = NO;
				ENABLE_STRICT_OBJC_MSGSEND = YES;
				GCC_C_LANGUAGE_STANDARD = gnu99;
				GCC_WARN_64_TO_32_BIT_CONVERSION = YES;
				GCC_WARN_ABOUT_RETURN_TYPE = YES_ERROR;
				GCC_WARN_UNDECLARED_SELECTOR = YES;
				GCC_WARN_UNINITIALIZED_AUTOS = YES_AGGRESSIVE;
				GCC_WARN_UNUSED_FUNCTION = YES;
				GCC_WARN_UNUSED_VARIABLE = YES;
				IPHONEOS_DEPLOYMENT_TARGET = 8.0;
				MTL_ENABLE_DEBUG_INFO = NO;
				SDKROOT = iphoneos;
				TARGETED_DEVICE_FAMILY = "1,2";
				VALIDATE_PRODUCT = YES;
			};
			name = Release;
		};
		B9D9AEF819ED8F4600D45E92 /* Debug */ = {
			isa = XCBuildConfiguration;
			buildSettings = {
				ASSETCATALOG_COMPILER_APPICON_NAME = AppIcon;
				INFOPLIST_FILE = Postcard/Info.plist;
				LD_RUNPATH_SEARCH_PATHS = "$(inherited) @executable_path/Frameworks";
				PRODUCT_NAME = "$(TARGET_NAME)";
			};
			name = Debug;
		};
		B9D9AEF919ED8F4600D45E92 /* Release */ = {
			isa = XCBuildConfiguration;
			buildSettings = {
				ASSETCATALOG_COMPILER_APPICON_NAME = AppIcon;
				INFOPLIST_FILE = Postcard/Info.plist;
				LD_RUNPATH_SEARCH_PATHS = "$(inherited) @executable_path/Frameworks";
				PRODUCT_NAME = "$(TARGET_NAME)";
			};
			name = Release;
		};
		B9D9AEFB19ED8F4600D45E92 /* Debug */ = {
			isa = XCBuildConfiguration;
			buildSettings = {
				BUNDLE_LOADER = "$(TEST_HOST)";
				FRAMEWORK_SEARCH_PATHS = (
					"$(SDKROOT)/Developer/Library/Frameworks",
					"$(inherited)",
				);
				GCC_PREPROCESSOR_DEFINITIONS = (
					"DEBUG=1",
					"$(inherited)",
				);
				INFOPLIST_FILE = PostcardTests/Info.plist;
				LD_RUNPATH_SEARCH_PATHS = "$(inherited) @executable_path/Frameworks @loader_path/Frameworks";
				PRODUCT_NAME = "$(TARGET_NAME)";
				TEST_HOST = "$(BUILT_PRODUCTS_DIR)/Postcard.app/Postcard";
			};
			name = Debug;
		};
		B9D9AEFC19ED8F4600D45E92 /* Release */ = {
			isa = XCBuildConfiguration;
			buildSettings = {
				BUNDLE_LOADER = "$(TEST_HOST)";
				FRAMEWORK_SEARCH_PATHS = (
					"$(SDKROOT)/Developer/Library/Frameworks",
					"$(inherited)",
				);
				INFOPLIST_FILE = PostcardTests/Info.plist;
				LD_RUNPATH_SEARCH_PATHS = "$(inherited) @executable_path/Frameworks @loader_path/Frameworks";
				PRODUCT_NAME = "$(TARGET_NAME)";
				TEST_HOST = "$(BUILT_PRODUCTS_DIR)/Postcard.app/Postcard";
			};
			name = Release;
		};
/* End XCBuildConfiguration section */

/* Begin XCConfigurationList section */
		B9D9AED319ED8F4600D45E92 /* Build configuration list for PBXProject "Postcard" */ = {
			isa = XCConfigurationList;
			buildConfigurations = (
				B9D9AEF519ED8F4600D45E92 /* Debug */,
				B9D9AEF619ED8F4600D45E92 /* Release */,
			);
			defaultConfigurationIsVisible = 0;
			defaultConfigurationName = Release;
		};
		B9D9AEF719ED8F4600D45E92 /* Build configuration list for PBXNativeTarget "Postcard" */ = {
			isa = XCConfigurationList;
			buildConfigurations = (
				B9D9AEF819ED8F4600D45E92 /* Debug */,
				B9D9AEF919ED8F4600D45E92 /* Release */,
			);
			defaultConfigurationIsVisible = 0;
		};
		B9D9AEFA19ED8F4600D45E92 /* Build configuration list for PBXNativeTarget "PostcardTests" */ = {
			isa = XCConfigurationList;
			buildConfigurations = (
				B9D9AEFB19ED8F4600D45E92 /* Debug */,
				B9D9AEFC19ED8F4600D45E92 /* Release */,
			);
			defaultConfigurationIsVisible = 0;
		};
/* End XCConfigurationList section */
	};
	rootObject = B9D9AED019ED8F4600D45E92 /* Project object */;
}
